// !$*UTF8*$!
{
	archiveVersion = 1;
	classes = {
	};
	objectVersion = 46;
	objects = {

/* Begin PBXBuildFile section */
		4546FBD71893C2DA008F3EDD /* PickerViewController.m in Sources */ = {isa = PBXBuildFile; fileRef = 4546FBD61893C2DA008F3EDD /* PickerViewController.m */; };
		4546FBDA1893D14C008F3EDD /* TagViewController.m in Sources */ = {isa = PBXBuildFile; fileRef = 4546FBD91893D14C008F3EDD /* TagViewController.m */; };
		4546FBDD1894B2D4008F3EDD /* Tag.xcdatamodeld in Sources */ = {isa = PBXBuildFile; fileRef = 4546FBDB1894B2D4008F3EDD /* Tag.xcdatamodeld */; };
		4546FBDF1894B336008F3EDD /* CoreData.framework in Frameworks */ = {isa = PBXBuildFile; fileRef = 4546FBDE1894B336008F3EDD /* CoreData.framework */; };
		4546FC6A1894D658008F3EDD /* Tag.m in Sources */ = {isa = PBXBuildFile; fileRef = 4546FC691894D658008F3EDD /* Tag.m */; };
		4546FCBD1895095E008F3EDD /* TagAddViewController.m in Sources */ = {isa = PBXBuildFile; fileRef = 4546FCBC1895095E008F3EDD /* TagAddViewController.m */; };
		456610B71896895A007527FB /* Const.m in Sources */ = {isa = PBXBuildFile; fileRef = 456610B61896895A007527FB /* Const.m */; };
		45ED4F04188D649100C89E8A /* Foundation.framework in Frameworks */ = {isa = PBXBuildFile; fileRef = 45ED4F03188D649100C89E8A /* Foundation.framework */; };
		45ED4F06188D649100C89E8A /* CoreGraphics.framework in Frameworks */ = {isa = PBXBuildFile; fileRef = 45ED4F05188D649100C89E8A /* CoreGraphics.framework */; };
		45ED4F08188D649100C89E8A /* UIKit.framework in Frameworks */ = {isa = PBXBuildFile; fileRef = 45ED4F07188D649100C89E8A /* UIKit.framework */; };
		45ED4F0E188D649100C89E8A /* InfoPlist.strings in Resources */ = {isa = PBXBuildFile; fileRef = 45ED4F0C188D649100C89E8A /* InfoPlist.strings */; };
		45ED4F10188D649100C89E8A /* main.m in Sources */ = {isa = PBXBuildFile; fileRef = 45ED4F0F188D649100C89E8A /* main.m */; };
		45ED4F14188D649100C89E8A /* AppDelegate.m in Sources */ = {isa = PBXBuildFile; fileRef = 45ED4F13188D649100C89E8A /* AppDelegate.m */; };
		45ED4F17188D649100C89E8A /* Main_iPhone.storyboard in Resources */ = {isa = PBXBuildFile; fileRef = 45ED4F15188D649100C89E8A /* Main_iPhone.storyboard */; };
		45ED4F1A188D649100C89E8A /* Main_iPad.storyboard in Resources */ = {isa = PBXBuildFile; fileRef = 45ED4F18188D649100C89E8A /* Main_iPad.storyboard */; };
		45ED4F22188D649100C89E8A /* Images.xcassets in Resources */ = {isa = PBXBuildFile; fileRef = 45ED4F21188D649100C89E8A /* Images.xcassets */; };
		45ED4F29188D649100C89E8A /* XCTest.framework in Frameworks */ = {isa = PBXBuildFile; fileRef = 45ED4F28188D649100C89E8A /* XCTest.framework */; };
		45ED4F2A188D649100C89E8A /* Foundation.framework in Frameworks */ = {isa = PBXBuildFile; fileRef = 45ED4F03188D649100C89E8A /* Foundation.framework */; };
		45ED4F2B188D649100C89E8A /* UIKit.framework in Frameworks */ = {isa = PBXBuildFile; fileRef = 45ED4F07188D649100C89E8A /* UIKit.framework */; };
		45ED4F33188D649100C89E8A /* InfoPlist.strings in Resources */ = {isa = PBXBuildFile; fileRef = 45ED4F31188D649100C89E8A /* InfoPlist.strings */; };
		45ED4F35188D649100C89E8A /* ItCalcTests.m in Sources */ = {isa = PBXBuildFile; fileRef = 45ED4F34188D649100C89E8A /* ItCalcTests.m */; };
		45ED4F42188D6ACF00C89E8A /* MainViewController.m in Sources */ = {isa = PBXBuildFile; fileRef = 45ED4F41188D6ACF00C89E8A /* MainViewController.m */; };
		45EE4392189CCA5B00FDCFCA /* CommonFunctions.m in Sources */ = {isa = PBXBuildFile; fileRef = 45EE4391189CCA5B00FDCFCA /* CommonFunctions.m */; };
/* End PBXBuildFile section */

/* Begin PBXContainerItemProxy section */
		45ED4F2C188D649100C89E8A /* PBXContainerItemProxy */ = {
			isa = PBXContainerItemProxy;
			containerPortal = 45ED4EF8188D649100C89E8A /* Project object */;
			proxyType = 1;
			remoteGlobalIDString = 45ED4EFF188D649100C89E8A;
			remoteInfo = ItCalc;
		};
/* End PBXContainerItemProxy section */

/* Begin PBXFileReference section */
		4546FBD51893C2DA008F3EDD /* PickerViewController.h */ = {isa = PBXFileReference; fileEncoding = 4; lastKnownFileType = sourcecode.c.h; path = PickerViewController.h; sourceTree = "<group>"; };
		4546FBD61893C2DA008F3EDD /* PickerViewController.m */ = {isa = PBXFileReference; fileEncoding = 4; lastKnownFileType = sourcecode.c.objc; path = PickerViewController.m; sourceTree = "<group>"; };
		4546FBD81893D14C008F3EDD /* TagViewController.h */ = {isa = PBXFileReference; fileEncoding = 4; lastKnownFileType = sourcecode.c.h; path = TagViewController.h; sourceTree = "<group>"; };
		4546FBD91893D14C008F3EDD /* TagViewController.m */ = {isa = PBXFileReference; fileEncoding = 4; lastKnownFileType = sourcecode.c.objc; path = TagViewController.m; sourceTree = "<group>"; };
		4546FBDC1894B2D4008F3EDD /* Tag.xcdatamodel */ = {isa = PBXFileReference; lastKnownFileType = wrapper.xcdatamodel; path = Tag.xcdatamodel; sourceTree = "<group>"; };
		4546FBDE1894B336008F3EDD /* CoreData.framework */ = {isa = PBXFileReference; lastKnownFileType = wrapper.framework; name = CoreData.framework; path = System/Library/Frameworks/CoreData.framework; sourceTree = SDKROOT; };
		4546FC681894D658008F3EDD /* Tag.h */ = {isa = PBXFileReference; fileEncoding = 4; lastKnownFileType = sourcecode.c.h; path = Tag.h; sourceTree = "<group>"; };
		4546FC691894D658008F3EDD /* Tag.m */ = {isa = PBXFileReference; fileEncoding = 4; lastKnownFileType = sourcecode.c.objc; path = Tag.m; sourceTree = "<group>"; };
		4546FCBB1895095E008F3EDD /* TagAddViewController.h */ = {isa = PBXFileReference; fileEncoding = 4; lastKnownFileType = sourcecode.c.h; path = TagAddViewController.h; sourceTree = "<group>"; };
		4546FCBC1895095E008F3EDD /* TagAddViewController.m */ = {isa = PBXFileReference; fileEncoding = 4; lastKnownFileType = sourcecode.c.objc; path = TagAddViewController.m; sourceTree = "<group>"; };
		456610B51896895A007527FB /* Const.h */ = {isa = PBXFileReference; fileEncoding = 4; lastKnownFileType = sourcecode.c.h; path = Const.h; sourceTree = "<group>"; };
		456610B61896895A007527FB /* Const.m */ = {isa = PBXFileReference; fileEncoding = 4; lastKnownFileType = sourcecode.c.objc; path = Const.m; sourceTree = "<group>"; };
		45ED4F00188D649100C89E8A /* ItCal.app */ = {isa = PBXFileReference; explicitFileType = wrapper.application; includeInIndex = 0; path = ItCal.app; sourceTree = BUILT_PRODUCTS_DIR; };
		45ED4F03188D649100C89E8A /* Foundation.framework */ = {isa = PBXFileReference; lastKnownFileType = wrapper.framework; name = Foundation.framework; path = System/Library/Frameworks/Foundation.framework; sourceTree = SDKROOT; };
		45ED4F05188D649100C89E8A /* CoreGraphics.framework */ = {isa = PBXFileReference; lastKnownFileType = wrapper.framework; name = CoreGraphics.framework; path = System/Library/Frameworks/CoreGraphics.framework; sourceTree = SDKROOT; };
		45ED4F07188D649100C89E8A /* UIKit.framework */ = {isa = PBXFileReference; lastKnownFileType = wrapper.framework; name = UIKit.framework; path = System/Library/Frameworks/UIKit.framework; sourceTree = SDKROOT; };
		45ED4F0B188D649100C89E8A /* ItCal-Info.plist */ = {isa = PBXFileReference; lastKnownFileType = text.plist.xml; path = "ItCal-Info.plist"; sourceTree = "<group>"; };
		45ED4F0D188D649100C89E8A /* en */ = {isa = PBXFileReference; lastKnownFileType = text.plist.strings; name = en; path = en.lproj/InfoPlist.strings; sourceTree = "<group>"; };
		45ED4F0F188D649100C89E8A /* main.m */ = {isa = PBXFileReference; lastKnownFileType = sourcecode.c.objc; path = main.m; sourceTree = "<group>"; };
		45ED4F11188D649100C89E8A /* ItCal-Prefix.pch */ = {isa = PBXFileReference; lastKnownFileType = sourcecode.c.h; path = "ItCal-Prefix.pch"; sourceTree = "<group>"; };
		45ED4F12188D649100C89E8A /* AppDelegate.h */ = {isa = PBXFileReference; lastKnownFileType = sourcecode.c.h; path = AppDelegate.h; sourceTree = "<group>"; };
		45ED4F13188D649100C89E8A /* AppDelegate.m */ = {isa = PBXFileReference; lastKnownFileType = sourcecode.c.objc; path = AppDelegate.m; sourceTree = "<group>"; };
		45ED4F16188D649100C89E8A /* Base */ = {isa = PBXFileReference; lastKnownFileType = file.storyboard; name = Base; path = Base.lproj/Main_iPhone.storyboard; sourceTree = "<group>"; };
		45ED4F19188D649100C89E8A /* Base */ = {isa = PBXFileReference; lastKnownFileType = file.storyboard; name = Base; path = Base.lproj/Main_iPad.storyboard; sourceTree = "<group>"; };
		45ED4F21188D649100C89E8A /* Images.xcassets */ = {isa = PBXFileReference; lastKnownFileType = folder.assetcatalog; path = Images.xcassets; sourceTree = "<group>"; };
		45ED4F27188D649100C89E8A /* ItCalTests.xctest */ = {isa = PBXFileReference; explicitFileType = wrapper.cfbundle; includeInIndex = 0; path = ItCalTests.xctest; sourceTree = BUILT_PRODUCTS_DIR; };
		45ED4F28188D649100C89E8A /* XCTest.framework */ = {isa = PBXFileReference; lastKnownFileType = wrapper.framework; name = XCTest.framework; path = Library/Frameworks/XCTest.framework; sourceTree = DEVELOPER_DIR; };
		45ED4F30188D649100C89E8A /* ItCalTests-Info.plist */ = {isa = PBXFileReference; lastKnownFileType = text.plist.xml; path = "ItCalTests-Info.plist"; sourceTree = "<group>"; };
		45ED4F32188D649100C89E8A /* en */ = {isa = PBXFileReference; lastKnownFileType = text.plist.strings; name = en; path = en.lproj/InfoPlist.strings; sourceTree = "<group>"; };
		45ED4F34188D649100C89E8A /* ItCalcTests.m */ = {isa = PBXFileReference; lastKnownFileType = sourcecode.c.objc; path = ItCalcTests.m; sourceTree = "<group>"; };
		45ED4F40188D6ACF00C89E8A /* MainViewController.h */ = {isa = PBXFileReference; fileEncoding = 4; lastKnownFileType = sourcecode.c.h; path = MainViewController.h; sourceTree = "<group>"; };
		45ED4F41188D6ACF00C89E8A /* MainViewController.m */ = {isa = PBXFileReference; fileEncoding = 4; lastKnownFileType = sourcecode.c.objc; path = MainViewController.m; sourceTree = "<group>"; };
		45EE4390189CCA5B00FDCFCA /* CommonFunctions.h */ = {isa = PBXFileReference; fileEncoding = 4; lastKnownFileType = sourcecode.c.h; path = CommonFunctions.h; sourceTree = "<group>"; };
		45EE4391189CCA5B00FDCFCA /* CommonFunctions.m */ = {isa = PBXFileReference; fileEncoding = 4; lastKnownFileType = sourcecode.c.objc; path = CommonFunctions.m; sourceTree = "<group>"; };
/* End PBXFileReference section */

/* Begin PBXFrameworksBuildPhase section */
		45ED4EFD188D649100C89E8A /* Frameworks */ = {
			isa = PBXFrameworksBuildPhase;
			buildActionMask = 2147483647;
			files = (
				4546FBDF1894B336008F3EDD /* CoreData.framework in Frameworks */,
				45ED4F06188D649100C89E8A /* CoreGraphics.framework in Frameworks */,
				45ED4F08188D649100C89E8A /* UIKit.framework in Frameworks */,
				45ED4F04188D649100C89E8A /* Foundation.framework in Frameworks */,
			);
			runOnlyForDeploymentPostprocessing = 0;
		};
		45ED4F24188D649100C89E8A /* Frameworks */ = {
			isa = PBXFrameworksBuildPhase;
			buildActionMask = 2147483647;
			files = (
				45ED4F29188D649100C89E8A /* XCTest.framework in Frameworks */,
				45ED4F2B188D649100C89E8A /* UIKit.framework in Frameworks */,
				45ED4F2A188D649100C89E8A /* Foundation.framework in Frameworks */,
			);
			runOnlyForDeploymentPostprocessing = 0;
		};
/* End PBXFrameworksBuildPhase section */

/* Begin PBXGroup section */
		45ED4EF7188D649100C89E8A = {
			isa = PBXGroup;
			children = (
				45ED4F09188D649100C89E8A /* ItCalc */,
				45ED4F2E188D649100C89E8A /* ItCalcTests */,
				45ED4F02188D649100C89E8A /* Frameworks */,
				45ED4F01188D649100C89E8A /* Products */,
			);
			sourceTree = "<group>";
		};
		45ED4F01188D649100C89E8A /* Products */ = {
			isa = PBXGroup;
			children = (
				45ED4F00188D649100C89E8A /* ItCal.app */,
				45ED4F27188D649100C89E8A /* ItCalTests.xctest */,
			);
			name = Products;
			sourceTree = "<group>";
		};
		45ED4F02188D649100C89E8A /* Frameworks */ = {
			isa = PBXGroup;
			children = (
				4546FBDE1894B336008F3EDD /* CoreData.framework */,
				45ED4F03188D649100C89E8A /* Foundation.framework */,
				45ED4F05188D649100C89E8A /* CoreGraphics.framework */,
				45ED4F07188D649100C89E8A /* UIKit.framework */,
				45ED4F28188D649100C89E8A /* XCTest.framework */,
			);
			name = Frameworks;
			sourceTree = "<group>";
		};
		45ED4F09188D649100C89E8A /* ItCalc */ = {
			isa = PBXGroup;
			children = (
				45ED4F12188D649100C89E8A /* AppDelegate.h */,
				45ED4F13188D649100C89E8A /* AppDelegate.m */,
				45ED4F15188D649100C89E8A /* Main_iPhone.storyboard */,
				45ED4F18188D649100C89E8A /* Main_iPad.storyboard */,
				45ED4F21188D649100C89E8A /* Images.xcassets */,
				45ED4F0A188D649100C89E8A /* Supporting Files */,
				45ED4F40188D6ACF00C89E8A /* MainViewController.h */,
				45ED4F41188D6ACF00C89E8A /* MainViewController.m */,
				4546FBD51893C2DA008F3EDD /* PickerViewController.h */,
				4546FBD61893C2DA008F3EDD /* PickerViewController.m */,
				4546FBD81893D14C008F3EDD /* TagViewController.h */,
				4546FBD91893D14C008F3EDD /* TagViewController.m */,
				4546FC681894D658008F3EDD /* Tag.h */,
				4546FC691894D658008F3EDD /* Tag.m */,
				4546FBDB1894B2D4008F3EDD /* Tag.xcdatamodeld */,
				4546FCBB1895095E008F3EDD /* TagAddViewController.h */,
				4546FCBC1895095E008F3EDD /* TagAddViewController.m */,
				456610B51896895A007527FB /* Const.h */,
				456610B61896895A007527FB /* Const.m */,
				45EE4390189CCA5B00FDCFCA /* CommonFunctions.h */,
				45EE4391189CCA5B00FDCFCA /* CommonFunctions.m */,
			);
			path = ItCalc;
			sourceTree = "<group>";
		};
		45ED4F0A188D649100C89E8A /* Supporting Files */ = {
			isa = PBXGroup;
			children = (
				45ED4F0B188D649100C89E8A /* ItCal-Info.plist */,
				45ED4F0C188D649100C89E8A /* InfoPlist.strings */,
				45ED4F0F188D649100C89E8A /* main.m */,
				45ED4F11188D649100C89E8A /* ItCal-Prefix.pch */,
			);
			name = "Supporting Files";
			sourceTree = "<group>";
		};
		45ED4F2E188D649100C89E8A /* ItCalcTests */ = {
			isa = PBXGroup;
			children = (
				45ED4F34188D649100C89E8A /* ItCalcTests.m */,
				45ED4F2F188D649100C89E8A /* Supporting Files */,
			);
			path = ItCalcTests;
			sourceTree = "<group>";
		};
		45ED4F2F188D649100C89E8A /* Supporting Files */ = {
			isa = PBXGroup;
			children = (
				45ED4F30188D649100C89E8A /* ItCalTests-Info.plist */,
				45ED4F31188D649100C89E8A /* InfoPlist.strings */,
			);
			name = "Supporting Files";
			sourceTree = "<group>";
		};
/* End PBXGroup section */

/* Begin PBXNativeTarget section */
		45ED4EFF188D649100C89E8A /* ItCal */ = {
			isa = PBXNativeTarget;
			buildConfigurationList = 45ED4F38188D649100C89E8A /* Build configuration list for PBXNativeTarget "ItCal" */;
			buildPhases = (
				45ED4EFC188D649100C89E8A /* Sources */,
				45ED4EFD188D649100C89E8A /* Frameworks */,
				45ED4EFE188D649100C89E8A /* Resources */,
			);
			buildRules = (
			);
			dependencies = (
			);
			name = ItCal;
			productName = ItCalc;
			productReference = 45ED4F00188D649100C89E8A /* ItCal.app */;
			productType = "com.apple.product-type.application";
		};
		45ED4F26188D649100C89E8A /* ItCalTests */ = {
			isa = PBXNativeTarget;
			buildConfigurationList = 45ED4F3B188D649100C89E8A /* Build configuration list for PBXNativeTarget "ItCalTests" */;
			buildPhases = (
				45ED4F23188D649100C89E8A /* Sources */,
				45ED4F24188D649100C89E8A /* Frameworks */,
				45ED4F25188D649100C89E8A /* Resources */,
			);
			buildRules = (
			);
			dependencies = (
				45ED4F2D188D649100C89E8A /* PBXTargetDependency */,
			);
			name = ItCalTests;
			productName = ItCalcTests;
			productReference = 45ED4F27188D649100C89E8A /* ItCalTests.xctest */;
			productType = "com.apple.product-type.bundle.unit-test";
		};
/* End PBXNativeTarget section */

/* Begin PBXProject section */
		45ED4EF8188D649100C89E8A /* Project object */ = {
			isa = PBXProject;
			attributes = {
				LastUpgradeCheck = 0500;
				ORGANIZATIONNAME = hiro;
				TargetAttributes = {
					45ED4EFF188D649100C89E8A = {
						DevelopmentTeam = TH5EXGHJTG;
					};
					45ED4F26188D649100C89E8A = {
						TestTargetID = 45ED4EFF188D649100C89E8A;
					};
				};
			};
			buildConfigurationList = 45ED4EFB188D649100C89E8A /* Build configuration list for PBXProject "ItCal" */;
			compatibilityVersion = "Xcode 3.2";
			developmentRegion = English;
			hasScannedForEncodings = 0;
			knownRegions = (
				en,
				Base,
			);
			mainGroup = 45ED4EF7188D649100C89E8A;
			productRefGroup = 45ED4F01188D649100C89E8A /* Products */;
			projectDirPath = "";
			projectRoot = "";
			targets = (
				45ED4EFF188D649100C89E8A /* ItCal */,
				45ED4F26188D649100C89E8A /* ItCalTests */,
			);
		};
/* End PBXProject section */

/* Begin PBXResourcesBuildPhase section */
		45ED4EFE188D649100C89E8A /* Resources */ = {
			isa = PBXResourcesBuildPhase;
			buildActionMask = 2147483647;
			files = (
				45ED4F1A188D649100C89E8A /* Main_iPad.storyboard in Resources */,
				45ED4F22188D649100C89E8A /* Images.xcassets in Resources */,
				45ED4F17188D649100C89E8A /* Main_iPhone.storyboard in Resources */,
				45ED4F0E188D649100C89E8A /* InfoPlist.strings in Resources */,
			);
			runOnlyForDeploymentPostprocessing = 0;
		};
		45ED4F25188D649100C89E8A /* Resources */ = {
			isa = PBXResourcesBuildPhase;
			buildActionMask = 2147483647;
			files = (
				45ED4F33188D649100C89E8A /* InfoPlist.strings in Resources */,
			);
			runOnlyForDeploymentPostprocessing = 0;
		};
/* End PBXResourcesBuildPhase section */

/* Begin PBXSourcesBuildPhase section */
		45ED4EFC188D649100C89E8A /* Sources */ = {
			isa = PBXSourcesBuildPhase;
			buildActionMask = 2147483647;
			files = (
				456610B71896895A007527FB /* Const.m in Sources */,
				4546FBDA1893D14C008F3EDD /* TagViewController.m in Sources */,
				45ED4F14188D649100C89E8A /* AppDelegate.m in Sources */,
				45ED4F42188D6ACF00C89E8A /* MainViewController.m in Sources */,
				45EE4392189CCA5B00FDCFCA /* CommonFunctions.m in Sources */,
				4546FC6A1894D658008F3EDD /* Tag.m in Sources */,
				4546FBD71893C2DA008F3EDD /* PickerViewController.m in Sources */,
				4546FCBD1895095E008F3EDD /* TagAddViewController.m in Sources */,
				4546FBDD1894B2D4008F3EDD /* Tag.xcdatamodeld in Sources */,
				45ED4F10188D649100C89E8A /* main.m in Sources */,
			);
			runOnlyForDeploymentPostprocessing = 0;
		};
		45ED4F23188D649100C89E8A /* Sources */ = {
			isa = PBXSourcesBuildPhase;
			buildActionMask = 2147483647;
			files = (
				45ED4F35188D649100C89E8A /* ItCalcTests.m in Sources */,
			);
			runOnlyForDeploymentPostprocessing = 0;
		};
/* End PBXSourcesBuildPhase section */

/* Begin PBXTargetDependency section */
		45ED4F2D188D649100C89E8A /* PBXTargetDependency */ = {
			isa = PBXTargetDependency;
			target = 45ED4EFF188D649100C89E8A /* ItCal */;
			targetProxy = 45ED4F2C188D649100C89E8A /* PBXContainerItemProxy */;
		};
/* End PBXTargetDependency section */

/* Begin PBXVariantGroup section */
		45ED4F0C188D649100C89E8A /* InfoPlist.strings */ = {
			isa = PBXVariantGroup;
			children = (
				45ED4F0D188D649100C89E8A /* en */,
			);
			name = InfoPlist.strings;
			sourceTree = "<group>";
		};
		45ED4F15188D649100C89E8A /* Main_iPhone.storyboard */ = {
			isa = PBXVariantGroup;
			children = (
				45ED4F16188D649100C89E8A /* Base */,
			);
			name = Main_iPhone.storyboard;
			sourceTree = "<group>";
		};
		45ED4F18188D649100C89E8A /* Main_iPad.storyboard */ = {
			isa = PBXVariantGroup;
			children = (
				45ED4F19188D649100C89E8A /* Base */,
			);
			name = Main_iPad.storyboard;
			sourceTree = "<group>";
		};
		45ED4F31188D649100C89E8A /* InfoPlist.strings */ = {
			isa = PBXVariantGroup;
			children = (
				45ED4F32188D649100C89E8A /* en */,
			);
			name = InfoPlist.strings;
			sourceTree = "<group>";
		};
/* End PBXVariantGroup section */

/* Begin XCBuildConfiguration section */
		45ED4F36188D649100C89E8A /* Debug */ = {
			isa = XCBuildConfiguration;
			buildSettings = {
				ALWAYS_SEARCH_USER_PATHS = NO;
				ARCHS = "$(ARCHS_STANDARD_INCLUDING_64_BIT)";
				CLANG_CXX_LANGUAGE_STANDARD = "gnu++0x";
				CLANG_CXX_LIBRARY = "libc++";
				CLANG_ENABLE_MODULES = YES;
				CLANG_ENABLE_OBJC_ARC = YES;
				CLANG_WARN_BOOL_CONVERSION = YES;
				CLANG_WARN_CONSTANT_CONVERSION = YES;
				CLANG_WARN_DIRECT_OBJC_ISA_USAGE = YES_ERROR;
				CLANG_WARN_EMPTY_BODY = YES;
				CLANG_WARN_ENUM_CONVERSION = YES;
				CLANG_WARN_INT_CONVERSION = YES;
				CLANG_WARN_OBJC_ROOT_CLASS = YES_ERROR;
				CLANG_WARN__DUPLICATE_METHOD_MATCH = YES;
				"CODE_SIGN_IDENTITY[sdk=iphoneos*]" = "iPhone Developer";
				COPY_PHASE_STRIP = NO;
				GCC_C_LANGUAGE_STANDARD = gnu99;
				GCC_DYNAMIC_NO_PIC = NO;
				GCC_OPTIMIZATION_LEVEL = 0;
				GCC_PREPROCESSOR_DEFINITIONS = (
					"DEBUG=1",
					"$(inherited)",
				);
				GCC_SYMBOLS_PRIVATE_EXTERN = NO;
				GCC_WARN_64_TO_32_BIT_CONVERSION = YES;
				GCC_WARN_ABOUT_RETURN_TYPE = YES_ERROR;
				GCC_WARN_UNDECLARED_SELECTOR = YES;
				GCC_WARN_UNINITIALIZED_AUTOS = YES;
				GCC_WARN_UNUSED_FUNCTION = YES;
				GCC_WARN_UNUSED_VARIABLE = YES;
				IPHONEOS_DEPLOYMENT_TARGET = 7.0;
				ONLY_ACTIVE_ARCH = YES;
				SDKROOT = iphoneos;
				TARGETED_DEVICE_FAMILY = "1,2";
			};
			name = Debug;
		};
		45ED4F37188D649100C89E8A /* Release */ = {
			isa = XCBuildConfiguration;
			buildSettings = {
				ALWAYS_SEARCH_USER_PATHS = NO;
				ARCHS = "$(ARCHS_STANDARD_INCLUDING_64_BIT)";
				CLANG_CXX_LANGUAGE_STANDARD = "gnu++0x";
				CLANG_CXX_LIBRARY = "libc++";
				CLANG_ENABLE_MODULES = YES;
				CLANG_ENABLE_OBJC_ARC = YES;
				CLANG_WARN_BOOL_CONVERSION = YES;
				CLANG_WARN_CONSTANT_CONVERSION = YES;
				CLANG_WARN_DIRECT_OBJC_ISA_USAGE = YES_ERROR;
				CLANG_WARN_EMPTY_BODY = YES;
				CLANG_WARN_ENUM_CONVERSION = YES;
				CLANG_WARN_INT_CONVERSION = YES;
				CLANG_WARN_OBJC_ROOT_CLASS = YES_ERROR;
				CLANG_WARN__DUPLICATE_METHOD_MATCH = YES;
				"CODE_SIGN_IDENTITY[sdk=iphoneos*]" = "iPhone Developer";
				COPY_PHASE_STRIP = YES;
				ENABLE_NS_ASSERTIONS = NO;
				GCC_C_LANGUAGE_STANDARD = gnu99;
				GCC_WARN_64_TO_32_BIT_CONVERSION = YES;
				GCC_WARN_ABOUT_RETURN_TYPE = YES_ERROR;
				GCC_WARN_UNDECLARED_SELECTOR = YES;
				GCC_WARN_UNINITIALIZED_AUTOS = YES;
				GCC_WARN_UNUSED_FUNCTION = YES;
				GCC_WARN_UNUSED_VARIABLE = YES;
				IPHONEOS_DEPLOYMENT_TARGET = 7.0;
				SDKROOT = iphoneos;
				TARGETED_DEVICE_FAMILY = "1,2";
				VALIDATE_PRODUCT = YES;
			};
			name = Release;
		};
		45ED4F39188D649100C89E8A /* Debug */ = {
			isa = XCBuildConfiguration;
			buildSettings = {
				ASSETCATALOG_COMPILER_APPICON_NAME = AppIcon;
				ASSETCATALOG_COMPILER_LAUNCHIMAGE_NAME = LaunchImage;
				CODE_SIGN_IDENTITY = "iPhone Developer";
				"CODE_SIGN_IDENTITY[sdk=iphoneos*]" = "iPhone Developer";
				GCC_PRECOMPILE_PREFIX_HEADER = YES;
				GCC_PREFIX_HEADER = "ItCalc/ItCal-Prefix.pch";
				INFOPLIST_FILE = "ItCalc/ItCal-Info.plist";
				IPHONEOS_DEPLOYMENT_TARGET = 6.1;
				PRODUCT_NAME = ItCal;
				PROVISIONING_PROFILE = "";
				WRAPPER_EXTENSION = app;
			};
			name = Debug;
		};
		45ED4F3A188D649100C89E8A /* Release */ = {
			isa = XCBuildConfiguration;
			buildSettings = {
				ASSETCATALOG_COMPILER_APPICON_NAME = AppIcon;
				ASSETCATALOG_COMPILER_LAUNCHIMAGE_NAME = LaunchImage;
				CODE_SIGN_IDENTITY = "iPhone Developer";
				"CODE_SIGN_IDENTITY[sdk=iphoneos*]" = "iPhone Developer";
				GCC_PRECOMPILE_PREFIX_HEADER = YES;
				GCC_PREFIX_HEADER = "ItCalc/ItCal-Prefix.pch";
				INFOPLIST_FILE = "ItCalc/ItCal-Info.plist";
				IPHONEOS_DEPLOYMENT_TARGET = 6.1;
				PRODUCT_NAME = ItCal;
				PROVISIONING_PROFILE = "";
				WRAPPER_EXTENSION = app;
			};
			name = Release;
		};
		45ED4F3C188D649100C89E8A /* Debug */ = {
			isa = XCBuildConfiguration;
			buildSettings = {
				ARCHS = "$(ARCHS_STANDARD_INCLUDING_64_BIT)";
				BUNDLE_LOADER = "$(BUILT_PRODUCTS_DIR)/ItCalc.app/ItCalc";
				FRAMEWORK_SEARCH_PATHS = (
					"$(SDKROOT)/Developer/Library/Frameworks",
					"$(inherited)",
					"$(DEVELOPER_FRAMEWORKS_DIR)",
				);
				GCC_PRECOMPILE_PREFIX_HEADER = YES;
				GCC_PREFIX_HEADER = "ItCalc/ItCalc-Prefix.pch";
				GCC_PREPROCESSOR_DEFINITIONS = (
					"DEBUG=1",
					"$(inherited)",
				);
				INFOPLIST_FILE = "ItCalcTests/ItCalTests-Info.plist";
				PRODUCT_NAME = ItCalTests;
				TEST_HOST = "$(BUNDLE_LOADER)";
				WRAPPER_EXTENSION = xctest;
			};
			name = Debug;
		};
		45ED4F3D188D649100C89E8A /* Release */ = {
			isa = XCBuildConfiguration;
			buildSettings = {
				ARCHS = "$(ARCHS_STANDARD_INCLUDING_64_BIT)";
				BUNDLE_LOADER = "$(BUILT_PRODUCTS_DIR)/ItCalc.app/ItCalc";
				FRAMEWORK_SEARCH_PATHS = (
					"$(SDKROOT)/Developer/Library/Frameworks",
					"$(inherited)",
					"$(DEVELOPER_FRAMEWORKS_DIR)",
				);
				GCC_PRECOMPILE_PREFIX_HEADER = YES;
				GCC_PREFIX_HEADER = "ItCalc/ItCalc-Prefix.pch";
				INFOPLIST_FILE = "ItCalcTests/ItCalTests-Info.plist";
				PRODUCT_NAME = ItCalTests;
				TEST_HOST = "$(BUNDLE_LOADER)";
				WRAPPER_EXTENSION = xctest;
			};
			name = Release;
		};
/* End XCBuildConfiguration section */

/* Begin XCConfigurationList section */
		45ED4EFB188D649100C89E8A /* Build configuration list for PBXProject "ItCal" */ = {
			isa = XCConfigurationList;
			buildConfigurations = (
				45ED4F36188D649100C89E8A /* Debug */,
				45ED4F37188D649100C89E8A /* Release */,
			);
			defaultConfigurationIsVisible = 0;
			defaultConfigurationName = Release;
		};
		45ED4F38188D649100C89E8A /* Build configuration list for PBXNativeTarget "ItCal" */ = {
			isa = XCConfigurationList;
			buildConfigurations = (
				45ED4F39188D649100C89E8A /* Debug */,
				45ED4F3A188D649100C89E8A /* Release */,
			);
			defaultConfigurationIsVisible = 0;
			defaultConfigurationName = Release;
		};
		45ED4F3B188D649100C89E8A /* Build configuration list for PBXNativeTarget "ItCalTests" */ = {
			isa = XCConfigurationList;
			buildConfigurations = (
				45ED4F3C188D649100C89E8A /* Debug */,
				45ED4F3D188D649100C89E8A /* Release */,
			);
			defaultConfigurationIsVisible = 0;
			defaultConfigurationName = Release;
		};
/* End XCConfigurationList section */

/* Begin XCVersionGroup section */
		4546FBDB1894B2D4008F3EDD /* Tag.xcdatamodeld */ = {
			isa = XCVersionGroup;
			children = (
				4546FBDC1894B2D4008F3EDD /* Tag.xcdatamodel */,
			);
			currentVersion = 4546FBDC1894B2D4008F3EDD /* Tag.xcdatamodel */;
			path = Tag.xcdatamodeld;
			sourceTree = "<group>";
			versionGroupType = wrapper.xcdatamodel;
		};
/* End XCVersionGroup section */
	};
	rootObject = 45ED4EF8188D649100C89E8A /* Project object */;
}
